
Microsoft Visual Studio Solution File, Format Version 12.00
# Visual Studio Version 16
VisualStudioVersion = 16.0.31702.278
MinimumVisualStudioVersion = 10.0.40219.1
Project("{FAE04EC0-301F-11D3-BF4B-00C04F79EFBC}") = "ValidadorSenhaComRequisitos", "ValidadorSenhaComRequisitos\ValidadorSenhaComRequisitos.csproj", "{DEE83FBF-5F7F-4E70-AF98-E9969DE99069}"
EndProject
Global
	GlobalSection(SolutionConfigurationPlatforms) = preSolution
		Debug|Any CPU = Debug|Any CPU
		Release|Any CPU = Release|Any CPU
	EndGlobalSection
	GlobalSection(ProjectConfigurationPlatforms) = postSolution
		{DEE83FBF-5F7F-4E70-AF98-E9969DE99069}.Debug|Any CPU.ActiveCfg = Debug|Any CPU
		{DEE83FBF-5F7F-4E70-AF98-E9969DE99069}.Debug|Any CPU.Build.0 = Debug|Any CPU
		{DEE83FBF-5F7F-4E70-AF98-E9969DE99069}.Release|Any CPU.ActiveCfg = Release|Any CPU
		{DEE83FBF-5F7F-4E70-AF98-E9969DE99069}.Release|Any CPU.Build.0 = Release|Any CPU
	EndGlobalSection
	GlobalSection(SolutionProperties) = preSolution
		HideSolutionNode = FALSE
	EndGlobalSection
	GlobalSection(ExtensibilityGlobals) = postSolution
		SolutionGuid = {E189731A-EDC2-4CAA-99D9-993C18AE7AD3}
	EndGlobalSection
EndGlobal
