
Microsoft Visual Studio Solution File, Format Version 12.00
# Visual Studio Version 16
VisualStudioVersion = 16.0.31702.278
MinimumVisualStudioVersion = 10.0.40219.1
Project("{FAE04EC0-301F-11D3-BF4B-00C04F79EFBC}") = "03-CoxinhaDeBueno", "03-CoxinhaDeBueno\03-CoxinhaDeBueno.csproj", "{72F2F303-2B50-4A48-856A-2427F8536009}"
EndProject
Global
	GlobalSection(SolutionConfigurationPlatforms) = preSolution
		Debug|Any CPU = Debug|Any CPU
		Release|Any CPU = Release|Any CPU
	EndGlobalSection
	GlobalSection(ProjectConfigurationPlatforms) = postSolution
		{72F2F303-2B50-4A48-856A-2427F8536009}.Debug|Any CPU.ActiveCfg = Debug|Any CPU
		{72F2F303-2B50-4A48-856A-2427F8536009}.Debug|Any CPU.Build.0 = Debug|Any CPU
		{72F2F303-2B50-4A48-856A-2427F8536009}.Release|Any CPU.ActiveCfg = Release|Any CPU
		{72F2F303-2B50-4A48-856A-2427F8536009}.Release|Any CPU.Build.0 = Release|Any CPU
	EndGlobalSection
	GlobalSection(SolutionProperties) = preSolution
		HideSolutionNode = FALSE
	EndGlobalSection
	GlobalSection(ExtensibilityGlobals) = postSolution
		SolutionGuid = {E8427870-F3C7-4E8E-BB86-41E87093893C}
	EndGlobalSection
EndGlobal
